PODS:
  - ReachabilitySwift (3)
  - UtilityCollection (0.1.0)

DEPENDENCIES:
  - ReachabilitySwift (~> 3)
  - UtilityCollection (from `../`)

EXTERNAL SOURCES:
  UtilityCollection:
    :path: ../

SPEC CHECKSUMS:
  ReachabilitySwift: f5b9bb30a0777fac8f09ce8b067e32faeb29bb64
  UtilityCollection: 2768d8c533f649441955d43266c45b21c4352b7a

PODFILE CHECKSUM: 38b8d98cfdd9f6b3103a6d9de523c79c37b45c08

COCOAPODS: 1.1.1
